// !$*UTF8*$!
{
	archiveVersion = 1;
	classes = {
	};
	objectVersion = 56;
	objects = {

/* Begin PBXBuildFile section */
		197E76D52AF91ED10051BDFF /* ItemCoordinator.swift in Sources */ = {isa = PBXBuildFile; fileRef = 197E76D42AF91ED10051BDFF /* ItemCoordinator.swift */; };
		197E76D72AF91F720051BDFF /* Router.swift in Sources */ = {isa = PBXBuildFile; fileRef = 197E76D62AF91F720051BDFF /* Router.swift */; };
		197E76DB2AF920230051BDFF /* CoordinatorFactory.swift in Sources */ = {isa = PBXBuildFile; fileRef = 197E76DA2AF920230051BDFF /* CoordinatorFactory.swift */; };
		197E76DD2AF920A60051BDFF /* Presentable.swift in Sources */ = {isa = PBXBuildFile; fileRef = 197E76DC2AF920A60051BDFF /* Presentable.swift */; };
		197E76E12AF921950051BDFF /* ItemDetailViewController.swift in Sources */ = {isa = PBXBuildFile; fileRef = 197E76DF2AF921950051BDFF /* ItemDetailViewController.swift */; };
		197E76E52AF923730051BDFF /* NSObjectExtensions.swift in Sources */ = {isa = PBXBuildFile; fileRef = 197E76E42AF923730051BDFF /* NSObjectExtensions.swift */; };
		197E76E82AF927260051BDFF /* ItemList.swift in Sources */ = {isa = PBXBuildFile; fileRef = 197E76E72AF927260051BDFF /* ItemList.swift */; };
		197E76EB2AF92A280051BDFF /* BaseView.swift in Sources */ = {isa = PBXBuildFile; fileRef = 197E76EA2AF92A280051BDFF /* BaseView.swift */; };
		197E76ED2AF932A20051BDFF /* ItemListViewController.swift in Sources */ = {isa = PBXBuildFile; fileRef = 197E76EC2AF932A20051BDFF /* ItemListViewController.swift */; };
		197E76EF2AF932B90051BDFF /* Items.storyboard in Resources */ = {isa = PBXBuildFile; fileRef = 197E76EE2AF932B90051BDFF /* Items.storyboard */; };
		197E76F12AF932E70051BDFF /* Storyboards.swift in Sources */ = {isa = PBXBuildFile; fileRef = 197E76F02AF932E70051BDFF /* Storyboards.swift */; };
		19D1567E2AF9374200D2C91C /* ApplicationCoordinator.swift in Sources */ = {isa = PBXBuildFile; fileRef = 19D1567D2AF9374200D2C91C /* ApplicationCoordinator.swift */; };
		19D156822AF942C800D2C91C /* ModuleFactory.swift in Sources */ = {isa = PBXBuildFile; fileRef = 19D156812AF942C800D2C91C /* ModuleFactory.swift */; };
		19D156842AF9440C00D2C91C /* UIViewControllerExtensions.swift in Sources */ = {isa = PBXBuildFile; fileRef = 19D156832AF9440C00D2C91C /* UIViewControllerExtensions.swift */; };
		6E67F7532AF38A0F0085C74F /* Coordinator.swift in Sources */ = {isa = PBXBuildFile; fileRef = 6E67F7522AF38A0F0085C74F /* Coordinator.swift */; };
		6E67F7552AF38A830085C74F /* BaseCoordinator.swift in Sources */ = {isa = PBXBuildFile; fileRef = 6E67F7542AF38A830085C74F /* BaseCoordinator.swift */; };
		6E966F9C2AF36E32000820BF /* AppDelegate.swift in Sources */ = {isa = PBXBuildFile; fileRef = 6E966F9B2AF36E32000820BF /* AppDelegate.swift */; };
		6E966F9E2AF36E32000820BF /* SceneDelegate.swift in Sources */ = {isa = PBXBuildFile; fileRef = 6E966F9D2AF36E32000820BF /* SceneDelegate.swift */; };
		6E966FA32AF36E32000820BF /* Main.storyboard in Resources */ = {isa = PBXBuildFile; fileRef = 6E966FA12AF36E32000820BF /* Main.storyboard */; };
		6E966FA52AF36E33000820BF /* Assets.xcassets in Resources */ = {isa = PBXBuildFile; fileRef = 6E966FA42AF36E33000820BF /* Assets.xcassets */; };
		6E966FA82AF36E33000820BF /* LaunchScreen.storyboard in Resources */ = {isa = PBXBuildFile; fileRef = 6E966FA62AF36E33000820BF /* LaunchScreen.storyboard */; };
/* End PBXBuildFile section */

/* Begin PBXFileReference section */
		197E76D42AF91ED10051BDFF /* ItemCoordinator.swift */ = {isa = PBXFileReference; lastKnownFileType = sourcecode.swift; path = ItemCoordinator.swift; sourceTree = "<group>"; };
		197E76D62AF91F720051BDFF /* Router.swift */ = {isa = PBXFileReference; lastKnownFileType = sourcecode.swift; name = Router.swift; path = AppCoordinator/Coordinators/Item/Router.swift; sourceTree = SOURCE_ROOT; };
		197E76DA2AF920230051BDFF /* CoordinatorFactory.swift */ = {isa = PBXFileReference; lastKnownFileType = sourcecode.swift; name = CoordinatorFactory.swift; path = AppCoordinator/Coordinators/Item/CoordinatorFactory.swift; sourceTree = SOURCE_ROOT; };
		197E76DC2AF920A60051BDFF /* Presentable.swift */ = {isa = PBXFileReference; lastKnownFileType = sourcecode.swift; path = Presentable.swift; sourceTree = "<group>"; };
		197E76DF2AF921950051BDFF /* ItemDetailViewController.swift */ = {isa = PBXFileReference; lastKnownFileType = sourcecode.swift; path = ItemDetailViewController.swift; sourceTree = "<group>"; };
		197E76E42AF923730051BDFF /* NSObjectExtensions.swift */ = {isa = PBXFileReference; lastKnownFileType = sourcecode.swift; path = NSObjectExtensions.swift; sourceTree = "<group>"; };
		197E76E72AF927260051BDFF /* ItemList.swift */ = {isa = PBXFileReference; lastKnownFileType = sourcecode.swift; path = ItemList.swift; sourceTree = "<group>"; };
		197E76EA2AF92A280051BDFF /* BaseView.swift */ = {isa = PBXFileReference; lastKnownFileType = sourcecode.swift; path = BaseView.swift; sourceTree = "<group>"; };
		197E76EC2AF932A20051BDFF /* ItemListViewController.swift */ = {isa = PBXFileReference; lastKnownFileType = sourcecode.swift; path = ItemListViewController.swift; sourceTree = "<group>"; };
		197E76EE2AF932B90051BDFF /* Items.storyboard */ = {isa = PBXFileReference; lastKnownFileType = file.storyboard; path = Items.storyboard; sourceTree = "<group>"; };
		197E76F02AF932E70051BDFF /* Storyboards.swift */ = {isa = PBXFileReference; lastKnownFileType = sourcecode.swift; path = Storyboards.swift; sourceTree = "<group>"; };
		19D1567D2AF9374200D2C91C /* ApplicationCoordinator.swift */ = {isa = PBXFileReference; lastKnownFileType = sourcecode.swift; path = ApplicationCoordinator.swift; sourceTree = "<group>"; };
		19D156812AF942C800D2C91C /* ModuleFactory.swift */ = {isa = PBXFileReference; lastKnownFileType = sourcecode.swift; name = ModuleFactory.swift; path = AppCoordinator/Application/ModuleFactory.swift; sourceTree = SOURCE_ROOT; };
		19D156832AF9440C00D2C91C /* UIViewControllerExtensions.swift */ = {isa = PBXFileReference; lastKnownFileType = sourcecode.swift; path = UIViewControllerExtensions.swift; sourceTree = "<group>"; };
		6E67F7522AF38A0F0085C74F /* Coordinator.swift */ = {isa = PBXFileReference; lastKnownFileType = sourcecode.swift; path = Coordinator.swift; sourceTree = "<group>"; };
		6E67F7542AF38A830085C74F /* BaseCoordinator.swift */ = {isa = PBXFileReference; lastKnownFileType = sourcecode.swift; path = BaseCoordinator.swift; sourceTree = "<group>"; };
		6E966F982AF36E32000820BF /* AppCoordinator.app */ = {isa = PBXFileReference; explicitFileType = wrapper.application; includeInIndex = 0; path = AppCoordinator.app; sourceTree = BUILT_PRODUCTS_DIR; };
		6E966F9B2AF36E32000820BF /* AppDelegate.swift */ = {isa = PBXFileReference; lastKnownFileType = sourcecode.swift; path = AppDelegate.swift; sourceTree = "<group>"; };
		6E966F9D2AF36E32000820BF /* SceneDelegate.swift */ = {isa = PBXFileReference; lastKnownFileType = sourcecode.swift; path = SceneDelegate.swift; sourceTree = "<group>"; };
		6E966FA22AF36E32000820BF /* Base */ = {isa = PBXFileReference; lastKnownFileType = file.storyboard; name = Base; path = Base.lproj/Main.storyboard; sourceTree = "<group>"; };
		6E966FA42AF36E33000820BF /* Assets.xcassets */ = {isa = PBXFileReference; lastKnownFileType = folder.assetcatalog; path = Assets.xcassets; sourceTree = "<group>"; };
		6E966FA72AF36E33000820BF /* Base */ = {isa = PBXFileReference; lastKnownFileType = file.storyboard; name = Base; path = Base.lproj/LaunchScreen.storyboard; sourceTree = "<group>"; };
		6E966FA92AF36E33000820BF /* Info.plist */ = {isa = PBXFileReference; lastKnownFileType = text.plist.xml; path = Info.plist; sourceTree = "<group>"; };
/* End PBXFileReference section */

/* Begin PBXFrameworksBuildPhase section */
		6E966F952AF36E32000820BF /* Frameworks */ = {
			isa = PBXFrameworksBuildPhase;
			buildActionMask = 2147483647;
			files = (
			);
			runOnlyForDeploymentPostprocessing = 0;
		};
/* End PBXFrameworksBuildPhase section */

/* Begin PBXGroup section */
		197E76D32AF91EBF0051BDFF /* Item */ = {
			isa = PBXGroup;
			children = (
				197E76D42AF91ED10051BDFF /* ItemCoordinator.swift */,
			);
			path = Item;
			sourceTree = "<group>";
		};
		197E76DE2AF921390051BDFF /* ViewControllers */ = {
			isa = PBXGroup;
			children = (
				197E76E92AF929B00051BDFF /* ItemsFlow */,
				197E76EC2AF932A20051BDFF /* ItemListViewController.swift */,
				197E76DF2AF921950051BDFF /* ItemDetailViewController.swift */,
			);
			path = ViewControllers;
			sourceTree = "<group>";
		};
		197E76E32AF9234E0051BDFF /* Extensions */ = {
			isa = PBXGroup;
			children = (
				197E76E42AF923730051BDFF /* NSObjectExtensions.swift */,
				19D156832AF9440C00D2C91C /* UIViewControllerExtensions.swift */,
			);
			path = Extensions;
			sourceTree = "<group>";
		};
		197E76E62AF926CF0051BDFF /* Models */ = {
			isa = PBXGroup;
			children = (
				197E76E72AF927260051BDFF /* ItemList.swift */,
			);
			path = Models;
			sourceTree = "<group>";
		};
		197E76E92AF929B00051BDFF /* ItemsFlow */ = {
			isa = PBXGroup;
			children = (
			);
			path = ItemsFlow;
			sourceTree = "<group>";
		};
		19D1567C2AF936D300D2C91C /* Application */ = {
			isa = PBXGroup;
			children = (
				6E966F9B2AF36E32000820BF /* AppDelegate.swift */,
				19D1567D2AF9374200D2C91C /* ApplicationCoordinator.swift */,
			);
			path = Application;
			sourceTree = "<group>";
		};
		6E67F74D2AF3860D0085C74F /* Factories */ = {
			isa = PBXGroup;
			children = (
				197E76DA2AF920230051BDFF /* CoordinatorFactory.swift */,
				19D156812AF942C800D2C91C /* ModuleFactory.swift */,
			);
			path = Factories;
			sourceTree = "<group>";
		};
		6E67F74E2AF386130085C74F /* Router */ = {
			isa = PBXGroup;
			children = (
				197E76D62AF91F720051BDFF /* Router.swift */,
			);
			path = Router;
			sourceTree = "<group>";
		};
		6E67F74F2AF388F50085C74F /* StoryBoards */ = {
			isa = PBXGroup;
			children = (
				197E76EE2AF932B90051BDFF /* Items.storyboard */,
				197E76F02AF932E70051BDFF /* Storyboards.swift */,
			);
			path = StoryBoards;
			sourceTree = "<group>";
		};
		6E67F7502AF389270085C74F /* Coordinators */ = {
			isa = PBXGroup;
			children = (
				197E76D32AF91EBF0051BDFF /* Item */,
			);
			path = Coordinators;
			sourceTree = "<group>";
		};
		6E67F7512AF389960085C74F /* Protocols */ = {
			isa = PBXGroup;
			children = (
				6E67F7522AF38A0F0085C74F /* Coordinator.swift */,
				6E67F7542AF38A830085C74F /* BaseCoordinator.swift */,
				197E76DC2AF920A60051BDFF /* Presentable.swift */,
				197E76EA2AF92A280051BDFF /* BaseView.swift */,
			);
			path = Protocols;
			sourceTree = "<group>";
		};
		6E966F8F2AF36E32000820BF = {
			isa = PBXGroup;
			children = (
				6E966F9A2AF36E32000820BF /* AppCoordinator */,
				6E966F992AF36E32000820BF /* Products */,
			);
			sourceTree = "<group>";
		};
		6E966F992AF36E32000820BF /* Products */ = {
			isa = PBXGroup;
			children = (
				6E966F982AF36E32000820BF /* AppCoordinator.app */,
			);
			name = Products;
			sourceTree = "<group>";
		};
		6E966F9A2AF36E32000820BF /* AppCoordinator */ = {
			isa = PBXGroup;
			children = (
				19D1567C2AF936D300D2C91C /* Application */,
				6E67F7512AF389960085C74F /* Protocols */,
				6E67F7502AF389270085C74F /* Coordinators */,
				6E67F74E2AF386130085C74F /* Router */,
				6E67F74D2AF3860D0085C74F /* Factories */,
				197E76E62AF926CF0051BDFF /* Models */,
				197E76DE2AF921390051BDFF /* ViewControllers */,
				197E76E32AF9234E0051BDFF /* Extensions */,
				6E67F74F2AF388F50085C74F /* StoryBoards */,
				6E966F9D2AF36E32000820BF /* SceneDelegate.swift */,
				6E966FA12AF36E32000820BF /* Main.storyboard */,
				6E966FA42AF36E33000820BF /* Assets.xcassets */,
				6E966FA62AF36E33000820BF /* LaunchScreen.storyboard */,
				6E966FA92AF36E33000820BF /* Info.plist */,
			);
			path = AppCoordinator;
			sourceTree = "<group>";
		};
/* End PBXGroup section */

/* Begin PBXNativeTarget section */
		6E966F972AF36E32000820BF /* AppCoordinator */ = {
			isa = PBXNativeTarget;
			buildConfigurationList = 6E966FAC2AF36E33000820BF /* Build configuration list for PBXNativeTarget "AppCoordinator" */;
			buildPhases = (
				6E966F942AF36E32000820BF /* Sources */,
				6E966F952AF36E32000820BF /* Frameworks */,
				6E966F962AF36E32000820BF /* Resources */,
			);
			buildRules = (
			);
			dependencies = (
			);
			name = AppCoordinator;
			productName = AppCoordinator;
			productReference = 6E966F982AF36E32000820BF /* AppCoordinator.app */;
			productType = "com.apple.product-type.application";
		};
/* End PBXNativeTarget section */

/* Begin PBXProject section */
		6E966F902AF36E32000820BF /* Project object */ = {
			isa = PBXProject;
			attributes = {
				BuildIndependentTargetsInParallel = 1;
				LastSwiftUpdateCheck = 1410;
				LastUpgradeCheck = 1410;
				TargetAttributes = {
					6E966F972AF36E32000820BF = {
						CreatedOnToolsVersion = 14.1;
					};
				};
			};
			buildConfigurationList = 6E966F932AF36E32000820BF /* Build configuration list for PBXProject "AppCoordinator" */;
			compatibilityVersion = "Xcode 14.0";
			developmentRegion = en;
			hasScannedForEncodings = 0;
			knownRegions = (
				en,
				Base,
			);
			mainGroup = 6E966F8F2AF36E32000820BF;
			productRefGroup = 6E966F992AF36E32000820BF /* Products */;
			projectDirPath = "";
			projectRoot = "";
			targets = (
				6E966F972AF36E32000820BF /* AppCoordinator */,
			);
		};
/* End PBXProject section */

/* Begin PBXResourcesBuildPhase section */
		6E966F962AF36E32000820BF /* Resources */ = {
			isa = PBXResourcesBuildPhase;
			buildActionMask = 2147483647;
			files = (
				6E966FA82AF36E33000820BF /* LaunchScreen.storyboard in Resources */,
				197E76EF2AF932B90051BDFF /* Items.storyboard in Resources */,
				6E966FA52AF36E33000820BF /* Assets.xcassets in Resources */,
				6E966FA32AF36E32000820BF /* Main.storyboard in Resources */,
			);
			runOnlyForDeploymentPostprocessing = 0;
		};
/* End PBXResourcesBuildPhase section */

/* Begin PBXSourcesBuildPhase section */
		6E966F942AF36E32000820BF /* Sources */ = {
			isa = PBXSourcesBuildPhase;
			buildActionMask = 2147483647;
			files = (
				19D1567E2AF9374200D2C91C /* ApplicationCoordinator.swift in Sources */,
				6E67F7552AF38A830085C74F /* BaseCoordinator.swift in Sources */,
				197E76F12AF932E70051BDFF /* Storyboards.swift in Sources */,
				6E67F7532AF38A0F0085C74F /* Coordinator.swift in Sources */,
				19D156842AF9440C00D2C91C /* UIViewControllerExtensions.swift in Sources */,
				197E76DD2AF920A60051BDFF /* Presentable.swift in Sources */,
				197E76D72AF91F720051BDFF /* Router.swift in Sources */,
				6E966F9C2AF36E32000820BF /* AppDelegate.swift in Sources */,
				6E966F9E2AF36E32000820BF /* SceneDelegate.swift in Sources */,
				197E76DB2AF920230051BDFF /* CoordinatorFactory.swift in Sources */,
				19D156822AF942C800D2C91C /* ModuleFactory.swift in Sources */,
				197E76E12AF921950051BDFF /* ItemDetailViewController.swift in Sources */,
				197E76E82AF927260051BDFF /* ItemList.swift in Sources */,
				197E76D52AF91ED10051BDFF /* ItemCoordinator.swift in Sources */,
				197E76ED2AF932A20051BDFF /* ItemListViewController.swift in Sources */,
				197E76EB2AF92A280051BDFF /* BaseView.swift in Sources */,
				197E76E52AF923730051BDFF /* NSObjectExtensions.swift in Sources */,
			);
			runOnlyForDeploymentPostprocessing = 0;
		};
/* End PBXSourcesBuildPhase section */

/* Begin PBXVariantGroup section */
		6E966FA12AF36E32000820BF /* Main.storyboard */ = {
			isa = PBXVariantGroup;
			children = (
				6E966FA22AF36E32000820BF /* Base */,
			);
			name = Main.storyboard;
			sourceTree = "<group>";
		};
		6E966FA62AF36E33000820BF /* LaunchScreen.storyboard */ = {
			isa = PBXVariantGroup;
			children = (
				6E966FA72AF36E33000820BF /* Base */,
			);
			name = LaunchScreen.storyboard;
			sourceTree = "<group>";
		};
/* End PBXVariantGroup section */

/* Begin XCBuildConfiguration section */
		6E966FAA2AF36E33000820BF /* Debug */ = {
			isa = XCBuildConfiguration;
			buildSettings = {
				ALWAYS_SEARCH_USER_PATHS = NO;
				CLANG_ANALYZER_NONNULL = YES;
				CLANG_ANALYZER_NUMBER_OBJECT_CONVERSION = YES_AGGRESSIVE;
				CLANG_CXX_LANGUAGE_STANDARD = "gnu++20";
				CLANG_ENABLE_MODULES = YES;
				CLANG_ENABLE_OBJC_ARC = YES;
				CLANG_ENABLE_OBJC_WEAK = YES;
				CLANG_WARN_BLOCK_CAPTURE_AUTORELEASING = YES;
				CLANG_WARN_BOOL_CONVERSION = YES;
				CLANG_WARN_COMMA = YES;
				CLANG_WARN_CONSTANT_CONVERSION = YES;
				CLANG_WARN_DEPRECATED_OBJC_IMPLEMENTATIONS = YES;
				CLANG_WARN_DIRECT_OBJC_ISA_USAGE = YES_ERROR;
				CLANG_WARN_DOCUMENTATION_COMMENTS = YES;
				CLANG_WARN_EMPTY_BODY = YES;
				CLANG_WARN_ENUM_CONVERSION = YES;
				CLANG_WARN_INFINITE_RECURSION = YES;
				CLANG_WARN_INT_CONVERSION = YES;
				CLANG_WARN_NON_LITERAL_NULL_CONVERSION = YES;
				CLANG_WARN_OBJC_IMPLICIT_RETAIN_SELF = YES;
				CLANG_WARN_OBJC_LITERAL_CONVERSION = YES;
				CLANG_WARN_OBJC_ROOT_CLASS = YES_ERROR;
				CLANG_WARN_QUOTED_INCLUDE_IN_FRAMEWORK_HEADER = YES;
				CLANG_WARN_RANGE_LOOP_ANALYSIS = YES;
				CLANG_WARN_STRICT_PROTOTYPES = YES;
				CLANG_WARN_SUSPICIOUS_MOVE = YES;
				CLANG_WARN_UNGUARDED_AVAILABILITY = YES_AGGRESSIVE;
				CLANG_WARN_UNREACHABLE_CODE = YES;
				CLANG_WARN__DUPLICATE_METHOD_MATCH = YES;
				COPY_PHASE_STRIP = NO;
				DEBUG_INFORMATION_FORMAT = dwarf;
				ENABLE_STRICT_OBJC_MSGSEND = YES;
				ENABLE_TESTABILITY = YES;
				GCC_C_LANGUAGE_STANDARD = gnu11;
				GCC_DYNAMIC_NO_PIC = NO;
				GCC_NO_COMMON_BLOCKS = YES;
				GCC_OPTIMIZATION_LEVEL = 0;
				GCC_PREPROCESSOR_DEFINITIONS = (
					"DEBUG=1",
					"$(inherited)",
				);
				GCC_WARN_64_TO_32_BIT_CONVERSION = YES;
				GCC_WARN_ABOUT_RETURN_TYPE = YES_ERROR;
				GCC_WARN_UNDECLARED_SELECTOR = YES;
				GCC_WARN_UNINITIALIZED_AUTOS = YES_AGGRESSIVE;
				GCC_WARN_UNUSED_FUNCTION = YES;
				GCC_WARN_UNUSED_VARIABLE = YES;
				IPHONEOS_DEPLOYMENT_TARGET = 16.1;
				MTL_ENABLE_DEBUG_INFO = INCLUDE_SOURCE;
				MTL_FAST_MATH = YES;
				ONLY_ACTIVE_ARCH = YES;
				SDKROOT = iphoneos;
				SWIFT_ACTIVE_COMPILATION_CONDITIONS = DEBUG;
				SWIFT_OPTIMIZATION_LEVEL = "-Onone";
			};
			name = Debug;
		};
		6E966FAB2AF36E33000820BF /* Release */ = {
			isa = XCBuildConfiguration;
			buildSettings = {
				ALWAYS_SEARCH_USER_PATHS = NO;
				CLANG_ANALYZER_NONNULL = YES;
				CLANG_ANALYZER_NUMBER_OBJECT_CONVERSION = YES_AGGRESSIVE;
				CLANG_CXX_LANGUAGE_STANDARD = "gnu++20";
				CLANG_ENABLE_MODULES = YES;
				CLANG_ENABLE_OBJC_ARC = YES;
				CLANG_ENABLE_OBJC_WEAK = YES;
				CLANG_WARN_BLOCK_CAPTURE_AUTORELEASING = YES;
				CLANG_WARN_BOOL_CONVERSION = YES;
				CLANG_WARN_COMMA = YES;
				CLANG_WARN_CONSTANT_CONVERSION = YES;
				CLANG_WARN_DEPRECATED_OBJC_IMPLEMENTATIONS = YES;
				CLANG_WARN_DIRECT_OBJC_ISA_USAGE = YES_ERROR;
				CLANG_WARN_DOCUMENTATION_COMMENTS = YES;
				CLANG_WARN_EMPTY_BODY = YES;
				CLANG_WARN_ENUM_CONVERSION = YES;
				CLANG_WARN_INFINITE_RECURSION = YES;
				CLANG_WARN_INT_CONVERSION = YES;
				CLANG_WARN_NON_LITERAL_NULL_CONVERSION = YES;
				CLANG_WARN_OBJC_IMPLICIT_RETAIN_SELF = YES;
				CLANG_WARN_OBJC_LITERAL_CONVERSION = YES;
				CLANG_WARN_OBJC_ROOT_CLASS = YES_ERROR;
				CLANG_WARN_QUOTED_INCLUDE_IN_FRAMEWORK_HEADER = YES;
				CLANG_WARN_RANGE_LOOP_ANALYSIS = YES;
				CLANG_WARN_STRICT_PROTOTYPES = YES;
				CLANG_WARN_SUSPICIOUS_MOVE = YES;
				CLANG_WARN_UNGUARDED_AVAILABILITY = YES_AGGRESSIVE;
				CLANG_WARN_UNREACHABLE_CODE = YES;
				CLANG_WARN__DUPLICATE_METHOD_MATCH = YES;
				COPY_PHASE_STRIP = NO;
				DEBUG_INFORMATION_FORMAT = "dwarf-with-dsym";
				ENABLE_NS_ASSERTIONS = NO;
				ENABLE_STRICT_OBJC_MSGSEND = YES;
				GCC_C_LANGUAGE_STANDARD = gnu11;
				GCC_NO_COMMON_BLOCKS = YES;
				GCC_WARN_64_TO_32_BIT_CONVERSION = YES;
				GCC_WARN_ABOUT_RETURN_TYPE = YES_ERROR;
				GCC_WARN_UNDECLARED_SELECTOR = YES;
				GCC_WARN_UNINITIALIZED_AUTOS = YES_AGGRESSIVE;
				GCC_WARN_UNUSED_FUNCTION = YES;
				GCC_WARN_UNUSED_VARIABLE = YES;
				IPHONEOS_DEPLOYMENT_TARGET = 16.1;
				MTL_ENABLE_DEBUG_INFO = NO;
				MTL_FAST_MATH = YES;
				SDKROOT = iphoneos;
				SWIFT_COMPILATION_MODE = wholemodule;
				SWIFT_OPTIMIZATION_LEVEL = "-O";
				VALIDATE_PRODUCT = YES;
			};
			name = Release;
		};
		6E966FAD2AF36E33000820BF /* Debug */ = {
			isa = XCBuildConfiguration;
			buildSettings = {
				ASSETCATALOG_COMPILER_APPICON_NAME = AppIcon;
				ASSETCATALOG_COMPILER_GLOBAL_ACCENT_COLOR_NAME = AccentColor;
				CODE_SIGN_STYLE = Automatic;
				CURRENT_PROJECT_VERSION = 1;
				DEVELOPMENT_TEAM = F9Y43R4Q96;
				GENERATE_INFOPLIST_FILE = YES;
				INFOPLIST_FILE = AppCoordinator/Info.plist;
				INFOPLIST_KEY_UIApplicationSupportsIndirectInputEvents = YES;
				INFOPLIST_KEY_UILaunchStoryboardName = LaunchScreen;
				INFOPLIST_KEY_UIMainStoryboardFile = Main;
				INFOPLIST_KEY_UISupportedInterfaceOrientations_iPad = "UIInterfaceOrientationPortrait UIInterfaceOrientationPortraitUpsideDown UIInterfaceOrientationLandscapeLeft UIInterfaceOrientationLandscapeRight";
				INFOPLIST_KEY_UISupportedInterfaceOrientations_iPhone = "UIInterfaceOrientationPortrait UIInterfaceOrientationLandscapeLeft UIInterfaceOrientationLandscapeRight";
				LD_RUNPATH_SEARCH_PATHS = (
					"$(inherited)",
					"@executable_path/Frameworks",
				);
				MARKETING_VERSION = 1.0;
				PRODUCT_BUNDLE_IDENTIFIER = com.testing.AppCoordinator;
				PRODUCT_NAME = "$(TARGET_NAME)";
				SWIFT_EMIT_LOC_STRINGS = YES;
				SWIFT_VERSION = 5.0;
				TARGETED_DEVICE_FAMILY = "1,2";
			};
			name = Debug;
		};
		6E966FAE2AF36E33000820BF /* Release */ = {
			isa = XCBuildConfiguration;
			buildSettings = {
				ASSETCATALOG_COMPILER_APPICON_NAME = AppIcon;
				ASSETCATALOG_COMPILER_GLOBAL_ACCENT_COLOR_NAME = AccentColor;
				CODE_SIGN_STYLE = Automatic;
				CURRENT_PROJECT_VERSION = 1;
				DEVELOPMENT_TEAM = F9Y43R4Q96;
				GENERATE_INFOPLIST_FILE = YES;
				INFOPLIST_FILE = AppCoordinator/Info.plist;
				INFOPLIST_KEY_UIApplicationSupportsIndirectInputEvents = YES;
				INFOPLIST_KEY_UILaunchStoryboardName = LaunchScreen;
				INFOPLIST_KEY_UIMainStoryboardFile = Main;
				INFOPLIST_KEY_UISupportedInterfaceOrientations_iPad = "UIInterfaceOrientationPortrait UIInterfaceOrientationPortraitUpsideDown UIInterfaceOrientationLandscapeLeft UIInterfaceOrientationLandscapeRight";
				INFOPLIST_KEY_UISupportedInterfaceOrientations_iPhone = "UIInterfaceOrientationPortrait UIInterfaceOrientationLandscapeLeft UIInterfaceOrientationLandscapeRight";
				LD_RUNPATH_SEARCH_PATHS = (
					"$(inherited)",
					"@executable_path/Frameworks",
				);
				MARKETING_VERSION = 1.0;
				PRODUCT_BUNDLE_IDENTIFIER = com.testing.AppCoordinator;
				PRODUCT_NAME = "$(TARGET_NAME)";
				SWIFT_EMIT_LOC_STRINGS = YES;
				SWIFT_VERSION = 5.0;
				TARGETED_DEVICE_FAMILY = "1,2";
			};
			name = Release;
		};
/* End XCBuildConfiguration section */

/* Begin XCConfigurationList section */
		6E966F932AF36E32000820BF /* Build configuration list for PBXProject "AppCoordinator" */ = {
			isa = XCConfigurationList;
			buildConfigurations = (
				6E966FAA2AF36E33000820BF /* Debug */,
				6E966FAB2AF36E33000820BF /* Release */,
			);
			defaultConfigurationIsVisible = 0;
			defaultConfigurationName = Release;
		};
		6E966FAC2AF36E33000820BF /* Build configuration list for PBXNativeTarget "AppCoordinator" */ = {
			isa = XCConfigurationList;
			buildConfigurations = (
				6E966FAD2AF36E33000820BF /* Debug */,
				6E966FAE2AF36E33000820BF /* Release */,
			);
			defaultConfigurationIsVisible = 0;
			defaultConfigurationName = Release;
		};
/* End XCConfigurationList section */
	};
	rootObject = 6E966F902AF36E32000820BF /* Project object */;
}
